
Microsoft Visual Studio Solution File, Format Version 12.00
Project("{FAE04EC0-301F-11D3-BF4B-00C04F79EFBC}") = "GalacticDelivery.Api.Web", "GalacticDelivery.Api.Web\GalacticDelivery.Api.Web.csproj", "{6C20426B-94D9-484C-A95B-4D7381ED1EC5}"
EndProject
Project("{2150E333-8FDC-42A3-9474-1A3956D46DE8}") = "Solution Items", "Solution Items", "{A8510845-82AB-4CD0-90AE-53882AB8F595}"
	ProjectSection(SolutionItems) = preProject
		compose.yaml = compose.yaml
	EndProjectSection
EndProject
Project("{FAE04EC0-301F-11D3-BF4B-00C04F79EFBC}") = "GalacticDelivery.Domain", "GalacticDelivery.Domain\GalacticDelivery.Domain.csproj", "{EF0CC123-4EBD-42CB-BB9F-156373E85F62}"
EndProject
Project("{FAE04EC0-301F-11D3-BF4B-00C04F79EFBC}") = "GalacticDelivery.Application", "GalacticDelivery.Application\GalacticDelivery.Application.csproj", "{39983BBD-8B7E-47CF-A09F-D09256BC7872}"
EndProject
Project("{FAE04EC0-301F-11D3-BF4B-00C04F79EFBC}") = "GalacticDelivery.Infrastructure", "GalacticDelivery.Infrastructure\GalacticDelivery.Infrastructure.csproj", "{5E077D70-12B5-4552-A9D7-2F3FFBBB838C}"
EndProject
Project("{FAE04EC0-301F-11D3-BF4B-00C04F79EFBC}") = "GalacticDelivery.Test", "GalacticDelivery.Test\GalacticDelivery.Test.csproj", "{D79EE8B5-D970-4BD8-8CA6-89E195DAEFE1}"
EndProject
Project("{FAE04EC0-301F-11D3-BF4B-00C04F79EFBC}") = "GalacticDelivery.Db", "GalacticDelivery.Db\GalacticDelivery.Db.csproj", "{631877D2-A950-49CB-B2F9-DBBFD3A0E2CA}"
EndProject
Project("{FAE04EC0-301F-11D3-BF4B-00C04F79EFBC}") = "GalacticDelivery.Common", "GalacticDelivery.Common\GalacticDelivery.Common.csproj", "{AD990B5E-E1B1-49CC-AA13-D8BAF0D585F1}"
EndProject
Global
	GlobalSection(SolutionConfigurationPlatforms) = preSolution
		Debug|Any CPU = Debug|Any CPU
		Release|Any CPU = Release|Any CPU
	EndGlobalSection
	GlobalSection(ProjectConfigurationPlatforms) = postSolution
		{6C20426B-94D9-484C-A95B-4D7381ED1EC5}.Debug|Any CPU.ActiveCfg = Debug|Any CPU
		{6C20426B-94D9-484C-A95B-4D7381ED1EC5}.Debug|Any CPU.Build.0 = Debug|Any CPU
		{6C20426B-94D9-484C-A95B-4D7381ED1EC5}.Release|Any CPU.ActiveCfg = Release|Any CPU
		{6C20426B-94D9-484C-A95B-4D7381ED1EC5}.Release|Any CPU.Build.0 = Release|Any CPU
		{EF0CC123-4EBD-42CB-BB9F-156373E85F62}.Debug|Any CPU.ActiveCfg = Debug|Any CPU
		{EF0CC123-4EBD-42CB-BB9F-156373E85F62}.Debug|Any CPU.Build.0 = Debug|Any CPU
		{EF0CC123-4EBD-42CB-BB9F-156373E85F62}.Release|Any CPU.ActiveCfg = Release|Any CPU
		{EF0CC123-4EBD-42CB-BB9F-156373E85F62}.Release|Any CPU.Build.0 = Release|Any CPU
		{39983BBD-8B7E-47CF-A09F-D09256BC7872}.Debug|Any CPU.ActiveCfg = Debug|Any CPU
		{39983BBD-8B7E-47CF-A09F-D09256BC7872}.Debug|Any CPU.Build.0 = Debug|Any CPU
		{39983BBD-8B7E-47CF-A09F-D09256BC7872}.Release|Any CPU.ActiveCfg = Release|Any CPU
		{39983BBD-8B7E-47CF-A09F-D09256BC7872}.Release|Any CPU.Build.0 = Release|Any CPU
		{5E077D70-12B5-4552-A9D7-2F3FFBBB838C}.Debug|Any CPU.ActiveCfg = Debug|Any CPU
		{5E077D70-12B5-4552-A9D7-2F3FFBBB838C}.Debug|Any CPU.Build.0 = Debug|Any CPU
		{5E077D70-12B5-4552-A9D7-2F3FFBBB838C}.Release|Any CPU.ActiveCfg = Release|Any CPU
		{5E077D70-12B5-4552-A9D7-2F3FFBBB838C}.Release|Any CPU.Build.0 = Release|Any CPU
		{D79EE8B5-D970-4BD8-8CA6-89E195DAEFE1}.Debug|Any CPU.ActiveCfg = Debug|Any CPU
		{D79EE8B5-D970-4BD8-8CA6-89E195DAEFE1}.Debug|Any CPU.Build.0 = Debug|Any CPU
		{D79EE8B5-D970-4BD8-8CA6-89E195DAEFE1}.Release|Any CPU.ActiveCfg = Release|Any CPU
		{D79EE8B5-D970-4BD8-8CA6-89E195DAEFE1}.Release|Any CPU.Build.0 = Release|Any CPU
		{631877D2-A950-49CB-B2F9-DBBFD3A0E2CA}.Debug|Any CPU.ActiveCfg = Debug|Any CPU
		{631877D2-A950-49CB-B2F9-DBBFD3A0E2CA}.Debug|Any CPU.Build.0 = Debug|Any CPU
		{631877D2-A950-49CB-B2F9-DBBFD3A0E2CA}.Release|Any CPU.ActiveCfg = Release|Any CPU
		{631877D2-A950-49CB-B2F9-DBBFD3A0E2CA}.Release|Any CPU.Build.0 = Release|Any CPU
		{AD990B5E-E1B1-49CC-AA13-D8BAF0D585F1}.Debug|Any CPU.ActiveCfg = Debug|Any CPU
		{AD990B5E-E1B1-49CC-AA13-D8BAF0D585F1}.Debug|Any CPU.Build.0 = Debug|Any CPU
		{AD990B5E-E1B1-49CC-AA13-D8BAF0D585F1}.Release|Any CPU.ActiveCfg = Release|Any CPU
		{AD990B5E-E1B1-49CC-AA13-D8BAF0D585F1}.Release|Any CPU.Build.0 = Release|Any CPU
	EndGlobalSection
EndGlobal
